
Microsoft Visual Studio Solution File, Format Version 12.00
# Visual Studio 15
VisualStudioVersion = 15.0.27428.2027
MinimumVisualStudioVersion = 10.0.40219.1
Project("{9A19103F-16F7-4668-BE54-9A1E7A4F7556}") = "Domus", "Domus\Domus.csproj", "{CE5C93D2-6E70-41F5-995B-922080DF71FD}"
EndProject
Global
	GlobalSection(SolutionConfigurationPlatforms) = preSolution
		Debug|Any CPU = Debug|Any CPU
		Debug|x64 = Debug|x64
		Release|Any CPU = Release|Any CPU
		Release|x64 = Release|x64
	EndGlobalSection
	GlobalSection(ProjectConfigurationPlatforms) = postSolution
		{CE5C93D2-6E70-41F5-995B-922080DF71FD}.Debug|Any CPU.ActiveCfg = Debug|Any CPU
		{CE5C93D2-6E70-41F5-995B-922080DF71FD}.Debug|Any CPU.Build.0 = Debug|Any CPU
		{CE5C93D2-6E70-41F5-995B-922080DF71FD}.Debug|x64.ActiveCfg = Debug|x64
		{CE5C93D2-6E70-41F5-995B-922080DF71FD}.Debug|x64.Build.0 = Debug|x64
		{CE5C93D2-6E70-41F5-995B-922080DF71FD}.Release|Any CPU.ActiveCfg = Release|Any CPU
		{CE5C93D2-6E70-41F5-995B-922080DF71FD}.Release|Any CPU.Build.0 = Release|Any CPU
		{CE5C93D2-6E70-41F5-995B-922080DF71FD}.Release|x64.ActiveCfg = Release|x64
		{CE5C93D2-6E70-41F5-995B-922080DF71FD}.Release|x64.Build.0 = Release|x64
	EndGlobalSection
	GlobalSection(SolutionProperties) = preSolution
		HideSolutionNode = FALSE
	EndGlobalSection
	GlobalSection(ExtensibilityGlobals) = postSolution
		SolutionGuid = {813827E4-D2EF-44BC-A303-23A62FF68E29}
	EndGlobalSection
EndGlobal
